
Microsoft Visual Studio Solution File, Format Version 12.00
# Visual Studio Version 17
VisualStudioVersion = 17.10.34902.84
MinimumVisualStudioVersion = 10.0.40219.1
Project("{FAE04EC0-301F-11D3-BF4B-00C04F79EFBC}") = "WebApplication", "WebApplication\WebApplication.csproj", "{00D8DA2E-9E5C-4B8E-977F-E950ECC3F0D7}"
EndProject
Project("{FAE04EC0-301F-11D3-BF4B-00C04F79EFBC}") = "Mobile.Android", "Mobile\Mobile.Android\Mobile.Android.csproj", "{F66C3E9C-DAA3-4A6C-9AF6-3F331D38C808}"
EndProject
Project("{FAE04EC0-301F-11D3-BF4B-00C04F79EFBC}") = "Mobile.iOS", "Mobile\Mobile.iOS\Mobile.iOS.csproj", "{4F155CFD-21A4-4145-B129-9C2F028A12C1}"
EndProject
Project("{FAE04EC0-301F-11D3-BF4B-00C04F79EFBC}") = "Mobile", "Mobile\Mobile\Mobile.csproj", "{EA1DCD4F-0498-463D-9D44-18D6F760124D}"
EndProject
Global
	GlobalSection(SolutionConfigurationPlatforms) = preSolution
		Debug|Any CPU = Debug|Any CPU
		Release|Any CPU = Release|Any CPU
		Debug|iPhoneSimulator = Debug|iPhoneSimulator
		Release|iPhoneSimulator = Release|iPhoneSimulator
		Debug|iPhone = Debug|iPhone
		Release|iPhone = Release|iPhone
	EndGlobalSection
	GlobalSection(ProjectConfigurationPlatforms) = postSolution
		{00D8DA2E-9E5C-4B8E-977F-E950ECC3F0D7}.Debug|Any CPU.ActiveCfg = Debug|Any CPU
		{00D8DA2E-9E5C-4B8E-977F-E950ECC3F0D7}.Debug|Any CPU.Build.0 = Debug|Any CPU
		{00D8DA2E-9E5C-4B8E-977F-E950ECC3F0D7}.Release|Any CPU.ActiveCfg = Release|Any CPU
		{00D8DA2E-9E5C-4B8E-977F-E950ECC3F0D7}.Release|Any CPU.Build.0 = Release|Any CPU
		{00D8DA2E-9E5C-4B8E-977F-E950ECC3F0D7}.Debug|iPhoneSimulator.ActiveCfg = Debug|Any CPU
		{00D8DA2E-9E5C-4B8E-977F-E950ECC3F0D7}.Debug|iPhoneSimulator.Build.0 = Debug|Any CPU
		{00D8DA2E-9E5C-4B8E-977F-E950ECC3F0D7}.Release|iPhoneSimulator.ActiveCfg = Release|Any CPU
		{00D8DA2E-9E5C-4B8E-977F-E950ECC3F0D7}.Release|iPhoneSimulator.Build.0 = Release|Any CPU
		{00D8DA2E-9E5C-4B8E-977F-E950ECC3F0D7}.Debug|iPhone.ActiveCfg = Debug|Any CPU
		{00D8DA2E-9E5C-4B8E-977F-E950ECC3F0D7}.Debug|iPhone.Build.0 = Debug|Any CPU
		{00D8DA2E-9E5C-4B8E-977F-E950ECC3F0D7}.Release|iPhone.ActiveCfg = Release|Any CPU
		{00D8DA2E-9E5C-4B8E-977F-E950ECC3F0D7}.Release|iPhone.Build.0 = Release|Any CPU
		{F66C3E9C-DAA3-4A6C-9AF6-3F331D38C808}.Debug|Any CPU.ActiveCfg = Debug|Any CPU
		{F66C3E9C-DAA3-4A6C-9AF6-3F331D38C808}.Debug|Any CPU.Build.0 = Debug|Any CPU
		{F66C3E9C-DAA3-4A6C-9AF6-3F331D38C808}.Release|Any CPU.ActiveCfg = Release|Any CPU
		{F66C3E9C-DAA3-4A6C-9AF6-3F331D38C808}.Release|Any CPU.Build.0 = Release|Any CPU
		{F66C3E9C-DAA3-4A6C-9AF6-3F331D38C808}.Debug|iPhoneSimulator.ActiveCfg = Debug|Any CPU
		{F66C3E9C-DAA3-4A6C-9AF6-3F331D38C808}.Debug|iPhoneSimulator.Build.0 = Debug|Any CPU
		{F66C3E9C-DAA3-4A6C-9AF6-3F331D38C808}.Release|iPhoneSimulator.ActiveCfg = Release|Any CPU
		{F66C3E9C-DAA3-4A6C-9AF6-3F331D38C808}.Release|iPhoneSimulator.Build.0 = Release|Any CPU
		{F66C3E9C-DAA3-4A6C-9AF6-3F331D38C808}.Debug|iPhone.ActiveCfg = Debug|Any CPU
		{F66C3E9C-DAA3-4A6C-9AF6-3F331D38C808}.Debug|iPhone.Build.0 = Debug|Any CPU
		{F66C3E9C-DAA3-4A6C-9AF6-3F331D38C808}.Release|iPhone.ActiveCfg = Release|Any CPU
		{F66C3E9C-DAA3-4A6C-9AF6-3F331D38C808}.Release|iPhone.Build.0 = Release|Any CPU
		{4F155CFD-21A4-4145-B129-9C2F028A12C1}.Debug|Any CPU.ActiveCfg = Debug|iPhoneSimulator
		{4F155CFD-21A4-4145-B129-9C2F028A12C1}.Debug|Any CPU.Build.0 = Debug|iPhoneSimulator
		{4F155CFD-21A4-4145-B129-9C2F028A12C1}.Release|Any CPU.ActiveCfg = Release|iPhoneSimulator
		{4F155CFD-21A4-4145-B129-9C2F028A12C1}.Release|Any CPU.Build.0 = Release|iPhoneSimulator
		{4F155CFD-21A4-4145-B129-9C2F028A12C1}.Debug|iPhoneSimulator.ActiveCfg = Debug|iPhoneSimulator
		{4F155CFD-21A4-4145-B129-9C2F028A12C1}.Debug|iPhoneSimulator.Build.0 = Debug|iPhoneSimulator
		{4F155CFD-21A4-4145-B129-9C2F028A12C1}.Release|iPhoneSimulator.ActiveCfg = Release|iPhoneSimulator
		{4F155CFD-21A4-4145-B129-9C2F028A12C1}.Release|iPhoneSimulator.Build.0 = Release|iPhoneSimulator
		{4F155CFD-21A4-4145-B129-9C2F028A12C1}.Debug|iPhone.ActiveCfg = Debug|iPhone
		{4F155CFD-21A4-4145-B129-9C2F028A12C1}.Debug|iPhone.Build.0 = Debug|iPhone
		{4F155CFD-21A4-4145-B129-9C2F028A12C1}.Release|iPhone.ActiveCfg = Release|iPhone
		{4F155CFD-21A4-4145-B129-9C2F028A12C1}.Release|iPhone.Build.0 = Release|iPhone
		{EA1DCD4F-0498-463D-9D44-18D6F760124D}.Debug|Any CPU.ActiveCfg = Debug|Any CPU
		{EA1DCD4F-0498-463D-9D44-18D6F760124D}.Debug|Any CPU.Build.0 = Debug|Any CPU
		{EA1DCD4F-0498-463D-9D44-18D6F760124D}.Release|Any CPU.ActiveCfg = Release|Any CPU
		{EA1DCD4F-0498-463D-9D44-18D6F760124D}.Release|Any CPU.Build.0 = Release|Any CPU
		{EA1DCD4F-0498-463D-9D44-18D6F760124D}.Debug|iPhoneSimulator.ActiveCfg = Debug|Any CPU
		{EA1DCD4F-0498-463D-9D44-18D6F760124D}.Debug|iPhoneSimulator.Build.0 = Debug|Any CPU
		{EA1DCD4F-0498-463D-9D44-18D6F760124D}.Release|iPhoneSimulator.ActiveCfg = Release|Any CPU
		{EA1DCD4F-0498-463D-9D44-18D6F760124D}.Release|iPhoneSimulator.Build.0 = Release|Any CPU
		{EA1DCD4F-0498-463D-9D44-18D6F760124D}.Debug|iPhone.ActiveCfg = Debug|Any CPU
		{EA1DCD4F-0498-463D-9D44-18D6F760124D}.Debug|iPhone.Build.0 = Debug|Any CPU
		{EA1DCD4F-0498-463D-9D44-18D6F760124D}.Release|iPhone.ActiveCfg = Release|Any CPU
		{EA1DCD4F-0498-463D-9D44-18D6F760124D}.Release|iPhone.Build.0 = Release|Any CPU
	EndGlobalSection
	GlobalSection(SolutionProperties) = preSolution
		HideSolutionNode = FALSE
	EndGlobalSection
	GlobalSection(ExtensibilityGlobals) = postSolution
		SolutionGuid = {9F12D273-A035-467D-AE14-544DB4400A15}
	EndGlobalSection
	GlobalSection(NestedProjects) = preSolution
	EndGlobalSection
EndGlobal
